
Microsoft Visual Studio Solution File, Format Version 12.00
# Visual Studio Version 17
VisualStudioVersion = 17.0.31903.59
MinimumVisualStudioVersion = 10.0.40219.1
Project("{2150E333-8FDC-42A3-9474-1A3956D46DE8}") = "Solution Items", "Solution Items", "{59415384-1220-4DCF-A8C3-5701B417120A}"
	ProjectSection(SolutionItems) = preProject
		docker-compose.yml = docker-compose.yml
	EndProjectSection
EndProject
Project("{9A19103F-16F7-4668-BE54-9A1E7A4F7556}") = "Domain", "Domain\Domain.csproj", "{29C05775-C029-4C94-B9F1-84D043041E19}"
EndProject
Project("{9A19103F-16F7-4668-BE54-9A1E7A4F7556}") = "ApplyService", "ApplyService\ApplyService.csproj", "{DF04AAC6-34E8-46FB-B7F1-824DE0C6F40E}"
EndProject
Project("{9A19103F-16F7-4668-BE54-9A1E7A4F7556}") = "InterviewService", "InterviewService\InterviewService.csproj", "{292882A5-DF5D-4C9C-B6C3-1E76F72489D5}"
EndProject
Project("{9A19103F-16F7-4668-BE54-9A1E7A4F7556}") = "StudentService", "StudentService\StudentService.csproj", "{EF086A99-DF56-4630-88D3-8F0F16B88D6F}"
EndProject
Project("{9A19103F-16F7-4668-BE54-9A1E7A4F7556}") = "ApplyService.Domain", "ApplyService.Domain\ApplyService.Domain.csproj", "{E14093F1-6CB2-4092-BC43-6CC2C615C6E2}"
EndProject
Project("{9A19103F-16F7-4668-BE54-9A1E7A4F7556}") = "StudentService.Domain", "StudentService.Domain\StudentService.Domain.csproj", "{090CA612-3357-4250-9BDA-1B492749E801}"
EndProject
Project("{9A19103F-16F7-4668-BE54-9A1E7A4F7556}") = "EventLibrary", "EventLibrary\EventLibrary.csproj", "{562F5528-01C1-48D3-A1E9-5DD38B5526A4}"
EndProject
Project("{9A19103F-16F7-4668-BE54-9A1E7A4F7556}") = "InterviewService.Domain", "InterviewService.Domain\InterviewService.Domain.csproj", "{4D27EF32-41C4-46D5-BCBE-2E19DD3A2F59}"
EndProject
Project("{FAE04EC0-301F-11D3-BF4B-00C04F79EFBC}") = "ProgramService", "ProgramService\ProgramService.csproj", "{AD4793B2-E9EB-438B-9F75-6A867C888CB1}"
EndProject
Project("{FAE04EC0-301F-11D3-BF4B-00C04F79EFBC}") = "ProgramService.Domain", "ProgramService.Domain\ProgramService.Domain.csproj", "{F0CA05A4-2000-43F3-96FF-82F9EFE32A10}"
EndProject
Global
	GlobalSection(SolutionConfigurationPlatforms) = preSolution
		Debug|Any CPU = Debug|Any CPU
		Release|Any CPU = Release|Any CPU
	EndGlobalSection
	GlobalSection(ProjectConfigurationPlatforms) = postSolution
		{29C05775-C029-4C94-B9F1-84D043041E19}.Debug|Any CPU.ActiveCfg = Debug|Any CPU
		{29C05775-C029-4C94-B9F1-84D043041E19}.Debug|Any CPU.Build.0 = Debug|Any CPU
		{29C05775-C029-4C94-B9F1-84D043041E19}.Release|Any CPU.ActiveCfg = Release|Any CPU
		{29C05775-C029-4C94-B9F1-84D043041E19}.Release|Any CPU.Build.0 = Release|Any CPU
		{DF04AAC6-34E8-46FB-B7F1-824DE0C6F40E}.Debug|Any CPU.ActiveCfg = Debug|Any CPU
		{DF04AAC6-34E8-46FB-B7F1-824DE0C6F40E}.Debug|Any CPU.Build.0 = Debug|Any CPU
		{DF04AAC6-34E8-46FB-B7F1-824DE0C6F40E}.Release|Any CPU.ActiveCfg = Release|Any CPU
		{DF04AAC6-34E8-46FB-B7F1-824DE0C6F40E}.Release|Any CPU.Build.0 = Release|Any CPU
		{292882A5-DF5D-4C9C-B6C3-1E76F72489D5}.Debug|Any CPU.ActiveCfg = Debug|Any CPU
		{292882A5-DF5D-4C9C-B6C3-1E76F72489D5}.Debug|Any CPU.Build.0 = Debug|Any CPU
		{292882A5-DF5D-4C9C-B6C3-1E76F72489D5}.Release|Any CPU.ActiveCfg = Release|Any CPU
		{292882A5-DF5D-4C9C-B6C3-1E76F72489D5}.Release|Any CPU.Build.0 = Release|Any CPU
		{EF086A99-DF56-4630-88D3-8F0F16B88D6F}.Debug|Any CPU.ActiveCfg = Debug|Any CPU
		{EF086A99-DF56-4630-88D3-8F0F16B88D6F}.Debug|Any CPU.Build.0 = Debug|Any CPU
		{EF086A99-DF56-4630-88D3-8F0F16B88D6F}.Release|Any CPU.ActiveCfg = Release|Any CPU
		{EF086A99-DF56-4630-88D3-8F0F16B88D6F}.Release|Any CPU.Build.0 = Release|Any CPU
		{E14093F1-6CB2-4092-BC43-6CC2C615C6E2}.Debug|Any CPU.ActiveCfg = Debug|Any CPU
		{E14093F1-6CB2-4092-BC43-6CC2C615C6E2}.Debug|Any CPU.Build.0 = Debug|Any CPU
		{E14093F1-6CB2-4092-BC43-6CC2C615C6E2}.Release|Any CPU.ActiveCfg = Release|Any CPU
		{E14093F1-6CB2-4092-BC43-6CC2C615C6E2}.Release|Any CPU.Build.0 = Release|Any CPU
		{090CA612-3357-4250-9BDA-1B492749E801}.Debug|Any CPU.ActiveCfg = Debug|Any CPU
		{090CA612-3357-4250-9BDA-1B492749E801}.Debug|Any CPU.Build.0 = Debug|Any CPU
		{090CA612-3357-4250-9BDA-1B492749E801}.Release|Any CPU.ActiveCfg = Release|Any CPU
		{090CA612-3357-4250-9BDA-1B492749E801}.Release|Any CPU.Build.0 = Release|Any CPU
		{562F5528-01C1-48D3-A1E9-5DD38B5526A4}.Debug|Any CPU.ActiveCfg = Debug|Any CPU
		{562F5528-01C1-48D3-A1E9-5DD38B5526A4}.Debug|Any CPU.Build.0 = Debug|Any CPU
		{562F5528-01C1-48D3-A1E9-5DD38B5526A4}.Release|Any CPU.ActiveCfg = Release|Any CPU
		{562F5528-01C1-48D3-A1E9-5DD38B5526A4}.Release|Any CPU.Build.0 = Release|Any CPU
		{4D27EF32-41C4-46D5-BCBE-2E19DD3A2F59}.Debug|Any CPU.ActiveCfg = Debug|Any CPU
		{4D27EF32-41C4-46D5-BCBE-2E19DD3A2F59}.Debug|Any CPU.Build.0 = Debug|Any CPU
		{4D27EF32-41C4-46D5-BCBE-2E19DD3A2F59}.Release|Any CPU.ActiveCfg = Release|Any CPU
		{4D27EF32-41C4-46D5-BCBE-2E19DD3A2F59}.Release|Any CPU.Build.0 = Release|Any CPU
		{AD4793B2-E9EB-438B-9F75-6A867C888CB1}.Debug|Any CPU.ActiveCfg = Debug|Any CPU
		{AD4793B2-E9EB-438B-9F75-6A867C888CB1}.Debug|Any CPU.Build.0 = Debug|Any CPU
		{AD4793B2-E9EB-438B-9F75-6A867C888CB1}.Release|Any CPU.ActiveCfg = Release|Any CPU
		{AD4793B2-E9EB-438B-9F75-6A867C888CB1}.Release|Any CPU.Build.0 = Release|Any CPU
		{F0CA05A4-2000-43F3-96FF-82F9EFE32A10}.Debug|Any CPU.ActiveCfg = Debug|Any CPU
		{F0CA05A4-2000-43F3-96FF-82F9EFE32A10}.Debug|Any CPU.Build.0 = Debug|Any CPU
		{F0CA05A4-2000-43F3-96FF-82F9EFE32A10}.Release|Any CPU.ActiveCfg = Release|Any CPU
		{F0CA05A4-2000-43F3-96FF-82F9EFE32A10}.Release|Any CPU.Build.0 = Release|Any CPU
	EndGlobalSection
	GlobalSection(SolutionProperties) = preSolution
		HideSolutionNode = FALSE
	EndGlobalSection
	GlobalSection(ExtensibilityGlobals) = postSolution
		SolutionGuid = {09FDC6CF-4E2F-4F4F-8D86-F7D2C6FE2833}
	EndGlobalSection
EndGlobal
