
Microsoft Visual Studio Solution File, Format Version 12.00
# Visual Studio Version 17
VisualStudioVersion = 17.0.31903.59
MinimumVisualStudioVersion = 10.0.40219.1
Project("{2150E333-8FDC-42A3-9474-1A3956D46DE8}") = "Solution Items", "Solution Items", "{59415384-1220-4DCF-A8C3-5701B417120A}"
	ProjectSection(SolutionItems) = preProject
		docker-compose.yml = docker-compose.yml
	EndProjectSection
EndProject
Project("{9A19103F-16F7-4668-BE54-9A1E7A4F7556}") = "Domain", "Domain\Domain.csproj", "{29C05775-C029-4C94-B9F1-84D043041E19}"
EndProject
Project("{9A19103F-16F7-4668-BE54-9A1E7A4F7556}") = "ApplyService", "ApplyService\ApplyService.csproj", "{DF04AAC6-34E8-46FB-B7F1-824DE0C6F40E}"
EndProject
Project("{9A19103F-16F7-4668-BE54-9A1E7A4F7556}") = "InterviewService", "InterviewService\InterviewService.csproj", "{292882A5-DF5D-4C9C-B6C3-1E76F72489D5}"
EndProject
Project("{9A19103F-16F7-4668-BE54-9A1E7A4F7556}") = "Infrastructure", "Infrastructure\Infrastructure.csproj", "{621DFD32-505F-4AA4-96FA-FBE0367D2D97}"
EndProject
Project("{9A19103F-16F7-4668-BE54-9A1E7A4F7556}") = "DomainServices", "DomainServices\DomainServices.csproj", "{CEF0D51A-1163-42D0-A242-103ABA6D57FE}"
EndProject
Project("{9A19103F-16F7-4668-BE54-9A1E7A4F7556}") = "StudentService", "StudentService\StudentService.csproj", "{EF086A99-DF56-4630-88D3-8F0F16B88D6F}"
EndProject
Global
	GlobalSection(SolutionConfigurationPlatforms) = preSolution
		Debug|Any CPU = Debug|Any CPU
		Release|Any CPU = Release|Any CPU
	EndGlobalSection
	GlobalSection(ProjectConfigurationPlatforms) = postSolution
		{29C05775-C029-4C94-B9F1-84D043041E19}.Debug|Any CPU.ActiveCfg = Debug|Any CPU
		{29C05775-C029-4C94-B9F1-84D043041E19}.Debug|Any CPU.Build.0 = Debug|Any CPU
		{29C05775-C029-4C94-B9F1-84D043041E19}.Release|Any CPU.ActiveCfg = Release|Any CPU
		{29C05775-C029-4C94-B9F1-84D043041E19}.Release|Any CPU.Build.0 = Release|Any CPU
		{DF04AAC6-34E8-46FB-B7F1-824DE0C6F40E}.Debug|Any CPU.ActiveCfg = Debug|Any CPU
		{DF04AAC6-34E8-46FB-B7F1-824DE0C6F40E}.Debug|Any CPU.Build.0 = Debug|Any CPU
		{DF04AAC6-34E8-46FB-B7F1-824DE0C6F40E}.Release|Any CPU.ActiveCfg = Release|Any CPU
		{DF04AAC6-34E8-46FB-B7F1-824DE0C6F40E}.Release|Any CPU.Build.0 = Release|Any CPU
		{292882A5-DF5D-4C9C-B6C3-1E76F72489D5}.Debug|Any CPU.ActiveCfg = Debug|Any CPU
		{292882A5-DF5D-4C9C-B6C3-1E76F72489D5}.Debug|Any CPU.Build.0 = Debug|Any CPU
		{292882A5-DF5D-4C9C-B6C3-1E76F72489D5}.Release|Any CPU.ActiveCfg = Release|Any CPU
		{292882A5-DF5D-4C9C-B6C3-1E76F72489D5}.Release|Any CPU.Build.0 = Release|Any CPU
		{621DFD32-505F-4AA4-96FA-FBE0367D2D97}.Debug|Any CPU.ActiveCfg = Debug|Any CPU
		{621DFD32-505F-4AA4-96FA-FBE0367D2D97}.Debug|Any CPU.Build.0 = Debug|Any CPU
		{621DFD32-505F-4AA4-96FA-FBE0367D2D97}.Release|Any CPU.ActiveCfg = Release|Any CPU
		{621DFD32-505F-4AA4-96FA-FBE0367D2D97}.Release|Any CPU.Build.0 = Release|Any CPU
		{CEF0D51A-1163-42D0-A242-103ABA6D57FE}.Debug|Any CPU.ActiveCfg = Debug|Any CPU
		{CEF0D51A-1163-42D0-A242-103ABA6D57FE}.Debug|Any CPU.Build.0 = Debug|Any CPU
		{CEF0D51A-1163-42D0-A242-103ABA6D57FE}.Release|Any CPU.ActiveCfg = Release|Any CPU
		{CEF0D51A-1163-42D0-A242-103ABA6D57FE}.Release|Any CPU.Build.0 = Release|Any CPU
		{EF086A99-DF56-4630-88D3-8F0F16B88D6F}.Debug|Any CPU.ActiveCfg = Debug|Any CPU
		{EF086A99-DF56-4630-88D3-8F0F16B88D6F}.Debug|Any CPU.Build.0 = Debug|Any CPU
		{EF086A99-DF56-4630-88D3-8F0F16B88D6F}.Release|Any CPU.ActiveCfg = Release|Any CPU
		{EF086A99-DF56-4630-88D3-8F0F16B88D6F}.Release|Any CPU.Build.0 = Release|Any CPU
	EndGlobalSection
	GlobalSection(SolutionProperties) = preSolution
		HideSolutionNode = FALSE
	EndGlobalSection
	GlobalSection(ExtensibilityGlobals) = postSolution
		SolutionGuid = {09FDC6CF-4E2F-4F4F-8D86-F7D2C6FE2833}
	EndGlobalSection
EndGlobal
