
Microsoft Visual Studio Solution File, Format Version 12.00
# Visual Studio Version 17
VisualStudioVersion = 17.0.31903.59
MinimumVisualStudioVersion = 10.0.40219.1
Project("{2150E333-8FDC-42A3-9474-1A3956D46DE8}") = "Solution Items", "Solution Items", "{59415384-1220-4DCF-A8C3-5701B417120A}"
	ProjectSection(SolutionItems) = preProject
		docker-compose.yml = docker-compose.yml
	EndProjectSection
EndProject
Project("{9A19103F-16F7-4668-BE54-9A1E7A4F7556}") = "ApplyService", "ApplyService\ApplyService.csproj", "{DF04AAC6-34E8-46FB-B7F1-824DE0C6F40E}"
EndProject
Project("{9A19103F-16F7-4668-BE54-9A1E7A4F7556}") = "InterviewService", "InterviewService\InterviewService.csproj", "{292882A5-DF5D-4C9C-B6C3-1E76F72489D5}"
EndProject
Project("{9A19103F-16F7-4668-BE54-9A1E7A4F7556}") = "ApplyService.Domain", "ApplyService.Domain\ApplyService.Domain.csproj", "{E14093F1-6CB2-4092-BC43-6CC2C615C6E2}"
EndProject
Project("{9A19103F-16F7-4668-BE54-9A1E7A4F7556}") = "InterviewService.Domain", "InterviewService.Domain\InterviewService.Domain.csproj", "{4D27EF32-41C4-46D5-BCBE-2E19DD3A2F59}"
EndProject
Project("{FAE04EC0-301F-11D3-BF4B-00C04F79EFBC}") = "TestService", "TestService\TestService.csproj", "{B1DB4087-48F5-4DA1-9A4A-C1DACB59E5C0}"
EndProject
Project("{FAE04EC0-301F-11D3-BF4B-00C04F79EFBC}") = "TestService.Domain", "TestService.Domain\TestService.Domain.csproj", "{6C0F31B9-918A-4146-8B98-67C2C7FB49ED}"
EndProject
Project("{FAE04EC0-301F-11D3-BF4B-00C04F79EFBC}") = "ProgressService.Domain", "ProgressService.Domain\ProgressService.Domain.csproj", "{95A3880C-C0EB-4026-81C3-02B147B2ABBB}"
EndProject
Project("{FAE04EC0-301F-11D3-BF4B-00C04F79EFBC}") = "ProgressService", "ProgressService\ProgressService.csproj", "{B26DD6BB-A7E9-4C61-87E6-6BD173B56086}"
EndProject
Project("{9A19103F-16F7-4668-BE54-9A1E7A4F7556}") = "ClassService", "ClassService\ClassService.csproj", "{770CD10B-3843-4572-803B-9B82AC02BAE9}"
EndProject
Project("{9A19103F-16F7-4668-BE54-9A1E7A4F7556}") = "ClassService.Domain", "ClassService.Domain\ClassService.Domain.csproj", "{C8B9B424-CBD8-4620-8901-395E664BC719}"
EndProject
Project("{9A19103F-16F7-4668-BE54-9A1E7A4F7556}") = "CustomerDataService", "CustomerDataService\CustomerDataService.csproj", "{46ACCBA5-D183-465D-AE01-EA574E5048EC}"
EndProject
Project("{9A19103F-16F7-4668-BE54-9A1E7A4F7556}") = "CustomerDataService.Domain", "CustomerDataService.Domain\CustomerDataService.Domain.csproj", "{957C1CB2-3A48-4F47-B41C-97C5F92E9F34}"
EndProject
Global
	GlobalSection(SolutionConfigurationPlatforms) = preSolution
		Debug|Any CPU = Debug|Any CPU
		Release|Any CPU = Release|Any CPU
	EndGlobalSection
	GlobalSection(ProjectConfigurationPlatforms) = postSolution
		{DF04AAC6-34E8-46FB-B7F1-824DE0C6F40E}.Debug|Any CPU.ActiveCfg = Debug|Any CPU
		{DF04AAC6-34E8-46FB-B7F1-824DE0C6F40E}.Debug|Any CPU.Build.0 = Debug|Any CPU
		{DF04AAC6-34E8-46FB-B7F1-824DE0C6F40E}.Release|Any CPU.ActiveCfg = Release|Any CPU
		{DF04AAC6-34E8-46FB-B7F1-824DE0C6F40E}.Release|Any CPU.Build.0 = Release|Any CPU
		{292882A5-DF5D-4C9C-B6C3-1E76F72489D5}.Debug|Any CPU.ActiveCfg = Debug|Any CPU
		{292882A5-DF5D-4C9C-B6C3-1E76F72489D5}.Debug|Any CPU.Build.0 = Debug|Any CPU
		{292882A5-DF5D-4C9C-B6C3-1E76F72489D5}.Release|Any CPU.ActiveCfg = Release|Any CPU
		{292882A5-DF5D-4C9C-B6C3-1E76F72489D5}.Release|Any CPU.Build.0 = Release|Any CPU
		{E14093F1-6CB2-4092-BC43-6CC2C615C6E2}.Debug|Any CPU.ActiveCfg = Debug|Any CPU
		{E14093F1-6CB2-4092-BC43-6CC2C615C6E2}.Debug|Any CPU.Build.0 = Debug|Any CPU
		{E14093F1-6CB2-4092-BC43-6CC2C615C6E2}.Release|Any CPU.ActiveCfg = Release|Any CPU
		{E14093F1-6CB2-4092-BC43-6CC2C615C6E2}.Release|Any CPU.Build.0 = Release|Any CPU
		{4D27EF32-41C4-46D5-BCBE-2E19DD3A2F59}.Debug|Any CPU.ActiveCfg = Debug|Any CPU
		{4D27EF32-41C4-46D5-BCBE-2E19DD3A2F59}.Debug|Any CPU.Build.0 = Debug|Any CPU
		{4D27EF32-41C4-46D5-BCBE-2E19DD3A2F59}.Release|Any CPU.ActiveCfg = Release|Any CPU
		{4D27EF32-41C4-46D5-BCBE-2E19DD3A2F59}.Release|Any CPU.Build.0 = Release|Any CPU
		{B1DB4087-48F5-4DA1-9A4A-C1DACB59E5C0}.Debug|Any CPU.ActiveCfg = Debug|Any CPU
		{B1DB4087-48F5-4DA1-9A4A-C1DACB59E5C0}.Debug|Any CPU.Build.0 = Debug|Any CPU
		{B1DB4087-48F5-4DA1-9A4A-C1DACB59E5C0}.Release|Any CPU.ActiveCfg = Release|Any CPU
		{B1DB4087-48F5-4DA1-9A4A-C1DACB59E5C0}.Release|Any CPU.Build.0 = Release|Any CPU
		{6C0F31B9-918A-4146-8B98-67C2C7FB49ED}.Debug|Any CPU.ActiveCfg = Debug|Any CPU
		{6C0F31B9-918A-4146-8B98-67C2C7FB49ED}.Debug|Any CPU.Build.0 = Debug|Any CPU
		{6C0F31B9-918A-4146-8B98-67C2C7FB49ED}.Release|Any CPU.ActiveCfg = Release|Any CPU
		{6C0F31B9-918A-4146-8B98-67C2C7FB49ED}.Release|Any CPU.Build.0 = Release|Any CPU
		{95A3880C-C0EB-4026-81C3-02B147B2ABBB}.Debug|Any CPU.ActiveCfg = Debug|Any CPU
		{95A3880C-C0EB-4026-81C3-02B147B2ABBB}.Debug|Any CPU.Build.0 = Debug|Any CPU
		{95A3880C-C0EB-4026-81C3-02B147B2ABBB}.Release|Any CPU.ActiveCfg = Release|Any CPU
		{95A3880C-C0EB-4026-81C3-02B147B2ABBB}.Release|Any CPU.Build.0 = Release|Any CPU
		{B26DD6BB-A7E9-4C61-87E6-6BD173B56086}.Debug|Any CPU.ActiveCfg = Debug|Any CPU
		{B26DD6BB-A7E9-4C61-87E6-6BD173B56086}.Debug|Any CPU.Build.0 = Debug|Any CPU
		{B26DD6BB-A7E9-4C61-87E6-6BD173B56086}.Release|Any CPU.ActiveCfg = Release|Any CPU
		{B26DD6BB-A7E9-4C61-87E6-6BD173B56086}.Release|Any CPU.Build.0 = Release|Any CPU
		{770CD10B-3843-4572-803B-9B82AC02BAE9}.Debug|Any CPU.ActiveCfg = Debug|Any CPU
		{770CD10B-3843-4572-803B-9B82AC02BAE9}.Debug|Any CPU.Build.0 = Debug|Any CPU
		{770CD10B-3843-4572-803B-9B82AC02BAE9}.Release|Any CPU.ActiveCfg = Release|Any CPU
		{770CD10B-3843-4572-803B-9B82AC02BAE9}.Release|Any CPU.Build.0 = Release|Any CPU
		{C8B9B424-CBD8-4620-8901-395E664BC719}.Debug|Any CPU.ActiveCfg = Debug|Any CPU
		{C8B9B424-CBD8-4620-8901-395E664BC719}.Debug|Any CPU.Build.0 = Debug|Any CPU
		{C8B9B424-CBD8-4620-8901-395E664BC719}.Release|Any CPU.ActiveCfg = Release|Any CPU
		{C8B9B424-CBD8-4620-8901-395E664BC719}.Release|Any CPU.Build.0 = Release|Any CPU
		{46ACCBA5-D183-465D-AE01-EA574E5048EC}.Debug|Any CPU.ActiveCfg = Debug|Any CPU
		{46ACCBA5-D183-465D-AE01-EA574E5048EC}.Debug|Any CPU.Build.0 = Debug|Any CPU
		{46ACCBA5-D183-465D-AE01-EA574E5048EC}.Release|Any CPU.ActiveCfg = Release|Any CPU
		{46ACCBA5-D183-465D-AE01-EA574E5048EC}.Release|Any CPU.Build.0 = Release|Any CPU
		{957C1CB2-3A48-4F47-B41C-97C5F92E9F34}.Debug|Any CPU.ActiveCfg = Debug|Any CPU
		{957C1CB2-3A48-4F47-B41C-97C5F92E9F34}.Debug|Any CPU.Build.0 = Debug|Any CPU
		{957C1CB2-3A48-4F47-B41C-97C5F92E9F34}.Release|Any CPU.ActiveCfg = Release|Any CPU
		{957C1CB2-3A48-4F47-B41C-97C5F92E9F34}.Release|Any CPU.Build.0 = Release|Any CPU
	EndGlobalSection
	GlobalSection(SolutionProperties) = preSolution
		HideSolutionNode = FALSE
	EndGlobalSection
	GlobalSection(ExtensibilityGlobals) = postSolution
		SolutionGuid = {09FDC6CF-4E2F-4F4F-8D86-F7D2C6FE2833}
	EndGlobalSection
EndGlobal
